// !$*UTF8*$!
{
	archiveVersion = 1;
	classes = {
	};
	objectVersion = 46;
	objects = {

/* Begin PBXBuildFile section */
		0119116F6C2E21A40C0849783DE9EE77 /* NSString+Extension.m in Sources */ = {isa = PBXBuildFile; fileRef = 8BE4E36D849B2149BA2CF96B569D3F88 /* NSString+Extension.m */; };
		011D1D6439265A2184963317F7249B88 /* UIColor+HexValue.m in Sources */ = {isa = PBXBuildFile; fileRef = 1BE781E4D696766FF26F4A8F70775024 /* UIColor+HexValue.m */; };
		029E6433A34587D3A52D2BD4BA29A2CF /* UIView+Extensions.m in Sources */ = {isa = PBXBuildFile; fileRef = 8997BFC2A3FB3F663C75E397E042319E /* UIView+Extensions.m */; };
		05193EC7968C0CED08835322C4CA6938 /* NSArray+Extension.m in Sources */ = {isa = PBXBuildFile; fileRef = A56F7EB08E5E3F4975A46999F167B37E /* NSArray+Extension.m */; };
		0BA7D56148C343D73E22A8E2776ED1A1 /* NSURL+Extension.h in Headers */ = {isa = PBXBuildFile; fileRef = BA15BE7AE65C8D64A055A7C8CD95DBBE /* NSURL+Extension.h */; settings = {ATTRIBUTES = (Public, ); }; };
		0D176E8052563E74B746C9A51B25666E /* NSObject+Extension.m in Sources */ = {isa = PBXBuildFile; fileRef = 50B306A160BC809871DC6A39B6E5D9AD /* NSObject+Extension.m */; };
		2F0526CEEEF2EB292A48E512DF6B453E /* NSObject+Extension.h in Headers */ = {isa = PBXBuildFile; fileRef = 58528021338410A02CDEBCA2776957CE /* NSObject+Extension.h */; settings = {ATTRIBUTES = (Public, ); }; };
		35B78164984372F8A6597064E16E91EF /* LWKBaseExtensions-dummy.m in Sources */ = {isa = PBXBuildFile; fileRef = CFF0F255EE13D6BBD27D79FA18B01560 /* LWKBaseExtensions-dummy.m */; };
		3A9A67FEA12BED5DD8F72FB4F457E766 /* NSDictionary+KeyPath.m in Sources */ = {isa = PBXBuildFile; fileRef = 8E805B085162D23614A9A55C4CFC2425 /* NSDictionary+KeyPath.m */; };
		3B8962316F5E754B5628CE1D718103FE /* UIResponder+Extension.m in Sources */ = {isa = PBXBuildFile; fileRef = F9B3206BB6861C7AC04EF32BF204466D /* UIResponder+Extension.m */; };
		578901F7A102A2D2DCDA409CD135F050 /* UIPrintPageRenderer+Extentsion.h in Headers */ = {isa = PBXBuildFile; fileRef = 07A73280CBFD9B0E88C2B19A3F5996EC /* UIPrintPageRenderer+Extentsion.h */; settings = {ATTRIBUTES = (Public, ); }; };
		70FEE463199DA0C9F7305B28D2F0BCFB /* NSString+Extension.h in Headers */ = {isa = PBXBuildFile; fileRef = 3B9E143E335F4EFDC9EA9C7C0DA6B26E /* NSString+Extension.h */; settings = {ATTRIBUTES = (Public, ); }; };
		77B5904B5472626F846CC42EE443EDEE /* NSData+Extension.h in Headers */ = {isa = PBXBuildFile; fileRef = 4297714EC100CDCCF00C6159100BE8B9 /* NSData+Extension.h */; settings = {ATTRIBUTES = (Public, ); }; };
		784D224CC7539E07113DDD8F7BA57DA8 /* UIResponder+Extension.h in Headers */ = {isa = PBXBuildFile; fileRef = 32EACEA69786AACBDA50B3E6D38EA062 /* UIResponder+Extension.h */; settings = {ATTRIBUTES = (Public, ); }; };
		7ADC495BCDD9E785E16CEB183F303758 /* NSDictionary+KeyPath.h in Headers */ = {isa = PBXBuildFile; fileRef = EF0DA3A2361F8E8BD84334BCEF7A246B /* NSDictionary+KeyPath.h */; settings = {ATTRIBUTES = (Public, ); }; };
		7BFF0886E46F47CE5A403BA9510F283F /* LWKBaseExtensions-umbrella.h in Headers */ = {isa = PBXBuildFile; fileRef = 4ADC41B8D6462E1A1AE3907AF0271D59 /* LWKBaseExtensions-umbrella.h */; settings = {ATTRIBUTES = (Public, ); }; };
		7FB94CF42259096A902B11A4019D5623 /* ALAsset+Extension.m in Sources */ = {isa = PBXBuildFile; fileRef = EA1C7EA4BE61C3650ACD73A221F652D2 /* ALAsset+Extension.m */; };
		887B97647ACDD2BA7AF4538EF797DF94 /* UIButton+Extension.h in Headers */ = {isa = PBXBuildFile; fileRef = E55181D106F81583B71B208BAB5F8174 /* UIButton+Extension.h */; settings = {ATTRIBUTES = (Public, ); }; };
		8D66415E5D0732498721404EEDF835EB /* Pods-LWKBaseExtensions_Example-dummy.m in Sources */ = {isa = PBXBuildFile; fileRef = 7D860CA7C971A8B7BEE414191C05576D /* Pods-LWKBaseExtensions_Example-dummy.m */; };
		9747383ACA9087936843EAB26257C95A /* UIColor+HexValue.h in Headers */ = {isa = PBXBuildFile; fileRef = 4708610BD9421C42E2EDCCD3DF462661 /* UIColor+HexValue.h */; settings = {ATTRIBUTES = (Public, ); }; };
		97C65CC4CA8B6C903876E3F016A5FDD8 /* NSArray+Extension.h in Headers */ = {isa = PBXBuildFile; fileRef = ED8EA9EC915E4FA75FDA406968CF3B87 /* NSArray+Extension.h */; settings = {ATTRIBUTES = (Public, ); }; };
		A1CE64184A971FBD66F14126A4D30FF2 /* UIView+Extensions.h in Headers */ = {isa = PBXBuildFile; fileRef = CB941211FA2C8E058F50DA87DA7EDFDA /* UIView+Extensions.h */; settings = {ATTRIBUTES = (Public, ); }; };
		AFFDC2A78F19C865B26D2351376C78AA /* UIImage+Extension.m in Sources */ = {isa = PBXBuildFile; fileRef = F9FAE0F706619930428531328C5D1F37 /* UIImage+Extension.m */; };
		BBA9ABE15FE5CA6DABF263882C8EA12A /* UIColor+CrossFade.m in Sources */ = {isa = PBXBuildFile; fileRef = B8DEDCA735718DA671B82702A1834604 /* UIColor+CrossFade.m */; };
		C807CA094B4E0BED2318BAEDB5454FF4 /* CALayer+Extension.h in Headers */ = {isa = PBXBuildFile; fileRef = D0970608DF66B6730BFE90C3931664CB /* CALayer+Extension.h */; settings = {ATTRIBUTES = (Public, ); }; };
		D1CFCCD8F1908ECA0C9D9CA4BF62B3E3 /* UIButton+Extension.m in Sources */ = {isa = PBXBuildFile; fileRef = 66737DF23D4B62CB905942533CC0A96C /* UIButton+Extension.m */; };
		D31A4A99A5D5DB3BC02CE776126D5537 /* Foundation.framework in Frameworks */ = {isa = PBXBuildFile; fileRef = 3212113385A8FBBDB272BD23C409FF61 /* Foundation.framework */; };
		DA7B86CF1E4414A5D94EB5FAEFC80FC2 /* UIImage+Extension.h in Headers */ = {isa = PBXBuildFile; fileRef = 84E1F74EF0B9D7E94962C1EB9939342B /* UIImage+Extension.h */; settings = {ATTRIBUTES = (Public, ); }; };
		DAA535F202D7890B08CB6A597C7A054D /* Foundation.framework in Frameworks */ = {isa = PBXBuildFile; fileRef = 3212113385A8FBBDB272BD23C409FF61 /* Foundation.framework */; };
		DBC5D677B432969A9F0E1DE2F57DE22C /* NSURL+Extension.m in Sources */ = {isa = PBXBuildFile; fileRef = 9B4A2B2C8EC6416CDCE90AB8BBBCAD37 /* NSURL+Extension.m */; };
		DE507D7680864ECAB82387B260966A17 /* Pods-LWKBaseExtensions_Example-umbrella.h in Headers */ = {isa = PBXBuildFile; fileRef = 5EC924BFCE831AA806923023BA08A78E /* Pods-LWKBaseExtensions_Example-umbrella.h */; settings = {ATTRIBUTES = (Public, ); }; };
		EAEE0579AE8BCD4FCF719829EF00FFD9 /* ALAsset+Extension.h in Headers */ = {isa = PBXBuildFile; fileRef = B6A4F5DEB5178906344EF580E553E4AB /* ALAsset+Extension.h */; settings = {ATTRIBUTES = (Public, ); }; };
		EE0D5B7E432127363DF67712226AA738 /* NSData+Extension.m in Sources */ = {isa = PBXBuildFile; fileRef = E4BB27C36313C031FC5C48B8360570D8 /* NSData+Extension.m */; };
		F2FEA2C52118CEFFBC5A040EFE4CDAF1 /* UIColor+CrossFade.h in Headers */ = {isa = PBXBuildFile; fileRef = A1A1791D525AC7449AEAAE010263D4D1 /* UIColor+CrossFade.h */; settings = {ATTRIBUTES = (Public, ); }; };
		F8C76E1A285156CADBF92010736CBAA6 /* UIPrintPageRenderer+Extentsion.m in Sources */ = {isa = PBXBuildFile; fileRef = 953872EBBB32D32C423233A0F5054F79 /* UIPrintPageRenderer+Extentsion.m */; };
		FE5FE0B3472CAAE6A7577041138BB59A /* CALayer+Extension.m in Sources */ = {isa = PBXBuildFile; fileRef = 3AD2AB5BBCF855907F31D89E1A6E66B4 /* CALayer+Extension.m */; };
/* End PBXBuildFile section */

/* Begin PBXContainerItemProxy section */
		78FF05F53E6ECF1457D77E0C4C8C56A2 /* PBXContainerItemProxy */ = {
			isa = PBXContainerItemProxy;
			containerPortal = BFDFE7DC352907FC980B868725387E98 /* Project object */;
			proxyType = 1;
			remoteGlobalIDString = DA49D72738D98F49BC512C6ED7C1264F;
			remoteInfo = LWKBaseExtensions;
		};
/* End PBXContainerItemProxy section */

/* Begin PBXFileReference section */
		07A73280CBFD9B0E88C2B19A3F5996EC /* UIPrintPageRenderer+Extentsion.h */ = {isa = PBXFileReference; includeInIndex = 1; lastKnownFileType = sourcecode.c.h; name = "UIPrintPageRenderer+Extentsion.h"; path = "LWKBaseExtensions/Classes/UIPrintPageRenderer+Extentsion.h"; sourceTree = "<group>"; };
		11D2202E0F19DF02B2B7E2F993245411 /* Pods-LWKBaseExtensions_Example-Info.plist */ = {isa = PBXFileReference; includeInIndex = 1; lastKnownFileType = text.plist.xml; path = "Pods-LWKBaseExtensions_Example-Info.plist"; sourceTree = "<group>"; };
		161C1918B8BD7707A1F3680CDF00D2EC /* Pods-LWKBaseExtensions_Example.debug.xcconfig */ = {isa = PBXFileReference; includeInIndex = 1; lastKnownFileType = text.xcconfig; path = "Pods-LWKBaseExtensions_Example.debug.xcconfig"; sourceTree = "<group>"; };
		1BE781E4D696766FF26F4A8F70775024 /* UIColor+HexValue.m */ = {isa = PBXFileReference; includeInIndex = 1; lastKnownFileType = sourcecode.c.objc; name = "UIColor+HexValue.m"; path = "LWKBaseExtensions/Classes/UIColor+HexValue.m"; sourceTree = "<group>"; };
		2F21DB3139A1A06BF7C5D39898FE8711 /* Pods-LWKBaseExtensions_Example-acknowledgements.plist */ = {isa = PBXFileReference; includeInIndex = 1; lastKnownFileType = text.plist.xml; path = "Pods-LWKBaseExtensions_Example-acknowledgements.plist"; sourceTree = "<group>"; };
		3212113385A8FBBDB272BD23C409FF61 /* Foundation.framework */ = {isa = PBXFileReference; lastKnownFileType = wrapper.framework; name = Foundation.framework; path = Platforms/iPhoneOS.platform/Developer/SDKs/iPhoneOS12.2.sdk/System/Library/Frameworks/Foundation.framework; sourceTree = DEVELOPER_DIR; };
		32EACEA69786AACBDA50B3E6D38EA062 /* UIResponder+Extension.h */ = {isa = PBXFileReference; includeInIndex = 1; lastKnownFileType = sourcecode.c.h; name = "UIResponder+Extension.h"; path = "LWKBaseExtensions/Classes/UIResponder+Extension.h"; sourceTree = "<group>"; };
		3AD2AB5BBCF855907F31D89E1A6E66B4 /* CALayer+Extension.m */ = {isa = PBXFileReference; includeInIndex = 1; lastKnownFileType = sourcecode.c.objc; name = "CALayer+Extension.m"; path = "LWKBaseExtensions/Classes/CALayer+Extension.m"; sourceTree = "<group>"; };
		3B9E143E335F4EFDC9EA9C7C0DA6B26E /* NSString+Extension.h */ = {isa = PBXFileReference; includeInIndex = 1; lastKnownFileType = sourcecode.c.h; name = "NSString+Extension.h"; path = "LWKBaseExtensions/Classes/NSString+Extension.h"; sourceTree = "<group>"; };
		4297714EC100CDCCF00C6159100BE8B9 /* NSData+Extension.h */ = {isa = PBXFileReference; includeInIndex = 1; lastKnownFileType = sourcecode.c.h; name = "NSData+Extension.h"; path = "LWKBaseExtensions/Classes/NSData+Extension.h"; sourceTree = "<group>"; };
		4632FB5F799503A705D8D9A3BC5F4E2F /* LWKBaseExtensions-prefix.pch */ = {isa = PBXFileReference; includeInIndex = 1; lastKnownFileType = sourcecode.c.h; path = "LWKBaseExtensions-prefix.pch"; sourceTree = "<group>"; };
		46EA75EFFE32302532062A1130E71D59 /* Pods-LWKBaseExtensions_Example.modulemap */ = {isa = PBXFileReference; includeInIndex = 1; lastKnownFileType = sourcecode.module; path = "Pods-LWKBaseExtensions_Example.modulemap"; sourceTree = "<group>"; };
		4708610BD9421C42E2EDCCD3DF462661 /* UIColor+HexValue.h */ = {isa = PBXFileReference; includeInIndex = 1; lastKnownFileType = sourcecode.c.h; name = "UIColor+HexValue.h"; path = "LWKBaseExtensions/Classes/UIColor+HexValue.h"; sourceTree = "<group>"; };
		4ADC41B8D6462E1A1AE3907AF0271D59 /* LWKBaseExtensions-umbrella.h */ = {isa = PBXFileReference; includeInIndex = 1; lastKnownFileType = sourcecode.c.h; path = "LWKBaseExtensions-umbrella.h"; sourceTree = "<group>"; };
		4F73E294E17317D927A52880FF1EE839 /* Pods_LWKBaseExtensions_Example.framework */ = {isa = PBXFileReference; explicitFileType = wrapper.framework; includeInIndex = 0; name = Pods_LWKBaseExtensions_Example.framework; path = "Pods-LWKBaseExtensions_Example.framework"; sourceTree = BUILT_PRODUCTS_DIR; };
		50B306A160BC809871DC6A39B6E5D9AD /* NSObject+Extension.m */ = {isa = PBXFileReference; includeInIndex = 1; lastKnownFileType = sourcecode.c.objc; name = "NSObject+Extension.m"; path = "LWKBaseExtensions/Classes/NSObject+Extension.m"; sourceTree = "<group>"; };
		58528021338410A02CDEBCA2776957CE /* NSObject+Extension.h */ = {isa = PBXFileReference; includeInIndex = 1; lastKnownFileType = sourcecode.c.h; name = "NSObject+Extension.h"; path = "LWKBaseExtensions/Classes/NSObject+Extension.h"; sourceTree = "<group>"; };
		5EC924BFCE831AA806923023BA08A78E /* Pods-LWKBaseExtensions_Example-umbrella.h */ = {isa = PBXFileReference; includeInIndex = 1; lastKnownFileType = sourcecode.c.h; path = "Pods-LWKBaseExtensions_Example-umbrella.h"; sourceTree = "<group>"; };
		66737DF23D4B62CB905942533CC0A96C /* UIButton+Extension.m */ = {isa = PBXFileReference; includeInIndex = 1; lastKnownFileType = sourcecode.c.objc; name = "UIButton+Extension.m"; path = "LWKBaseExtensions/Classes/UIButton+Extension.m"; sourceTree = "<group>"; };
		7283AF458C114DDC48B716D245C3C344 /* Pods-LWKBaseExtensions_Example-frameworks.sh */ = {isa = PBXFileReference; includeInIndex = 1; lastKnownFileType = text.script.sh; path = "Pods-LWKBaseExtensions_Example-frameworks.sh"; sourceTree = "<group>"; };
		7D860CA7C971A8B7BEE414191C05576D /* Pods-LWKBaseExtensions_Example-dummy.m */ = {isa = PBXFileReference; includeInIndex = 1; lastKnownFileType = sourcecode.c.objc; path = "Pods-LWKBaseExtensions_Example-dummy.m"; sourceTree = "<group>"; };
		84E1F74EF0B9D7E94962C1EB9939342B /* UIImage+Extension.h */ = {isa = PBXFileReference; includeInIndex = 1; lastKnownFileType = sourcecode.c.h; name = "UIImage+Extension.h"; path = "LWKBaseExtensions/Classes/UIImage+Extension.h"; sourceTree = "<group>"; };
		85C00A8A4B351C6D92A590E7A9C5E1AA /* README.md */ = {isa = PBXFileReference; includeInIndex = 1; path = README.md; sourceTree = "<group>"; };
		8997BFC2A3FB3F663C75E397E042319E /* UIView+Extensions.m */ = {isa = PBXFileReference; includeInIndex = 1; lastKnownFileType = sourcecode.c.objc; name = "UIView+Extensions.m"; path = "LWKBaseExtensions/Classes/UIView+Extensions.m"; sourceTree = "<group>"; };
		8BE4E36D849B2149BA2CF96B569D3F88 /* NSString+Extension.m */ = {isa = PBXFileReference; includeInIndex = 1; lastKnownFileType = sourcecode.c.objc; name = "NSString+Extension.m"; path = "LWKBaseExtensions/Classes/NSString+Extension.m"; sourceTree = "<group>"; };
		8E805B085162D23614A9A55C4CFC2425 /* NSDictionary+KeyPath.m */ = {isa = PBXFileReference; includeInIndex = 1; lastKnownFileType = sourcecode.c.objc; name = "NSDictionary+KeyPath.m"; path = "LWKBaseExtensions/Classes/NSDictionary+KeyPath.m"; sourceTree = "<group>"; };
		953872EBBB32D32C423233A0F5054F79 /* UIPrintPageRenderer+Extentsion.m */ = {isa = PBXFileReference; includeInIndex = 1; lastKnownFileType = sourcecode.c.objc; name = "UIPrintPageRenderer+Extentsion.m"; path = "LWKBaseExtensions/Classes/UIPrintPageRenderer+Extentsion.m"; sourceTree = "<group>"; };
		9AEA13E6E42BEE1AC6DFFC0AF9D60BC9 /* LICENSE */ = {isa = PBXFileReference; includeInIndex = 1; path = LICENSE; sourceTree = "<group>"; };
		9B4A2B2C8EC6416CDCE90AB8BBBCAD37 /* NSURL+Extension.m */ = {isa = PBXFileReference; includeInIndex = 1; lastKnownFileType = sourcecode.c.objc; name = "NSURL+Extension.m"; path = "LWKBaseExtensions/Classes/NSURL+Extension.m"; sourceTree = "<group>"; };
		9D6C711478250EFE86499B7D5ACF213B /* LWKBaseExtensions.podspec */ = {isa = PBXFileReference; explicitFileType = text.script.ruby; includeInIndex = 1; indentWidth = 2; lastKnownFileType = text; path = LWKBaseExtensions.podspec; sourceTree = "<group>"; tabWidth = 2; xcLanguageSpecificationIdentifier = xcode.lang.ruby; };
		9D940727FF8FB9C785EB98E56350EF41 /* Podfile */ = {isa = PBXFileReference; explicitFileType = text.script.ruby; includeInIndex = 1; indentWidth = 2; lastKnownFileType = text; name = Podfile; path = ../Podfile; sourceTree = SOURCE_ROOT; tabWidth = 2; xcLanguageSpecificationIdentifier = xcode.lang.ruby; };
		A1A1791D525AC7449AEAAE010263D4D1 /* UIColor+CrossFade.h */ = {isa = PBXFileReference; includeInIndex = 1; lastKnownFileType = sourcecode.c.h; name = "UIColor+CrossFade.h"; path = "LWKBaseExtensions/Classes/UIColor+CrossFade.h"; sourceTree = "<group>"; };
		A56F7EB08E5E3F4975A46999F167B37E /* NSArray+Extension.m */ = {isa = PBXFileReference; includeInIndex = 1; lastKnownFileType = sourcecode.c.objc; name = "NSArray+Extension.m"; path = "LWKBaseExtensions/Classes/NSArray+Extension.m"; sourceTree = "<group>"; };
		B6A4F5DEB5178906344EF580E553E4AB /* ALAsset+Extension.h */ = {isa = PBXFileReference; includeInIndex = 1; lastKnownFileType = sourcecode.c.h; name = "ALAsset+Extension.h"; path = "LWKBaseExtensions/Classes/ALAsset+Extension.h"; sourceTree = "<group>"; };
		B851F43BC70B55BAFC59617C1947446D /* Pods-LWKBaseExtensions_Example-acknowledgements.markdown */ = {isa = PBXFileReference; includeInIndex = 1; lastKnownFileType = text; path = "Pods-LWKBaseExtensions_Example-acknowledgements.markdown"; sourceTree = "<group>"; };
		B8DEDCA735718DA671B82702A1834604 /* UIColor+CrossFade.m */ = {isa = PBXFileReference; includeInIndex = 1; lastKnownFileType = sourcecode.c.objc; name = "UIColor+CrossFade.m"; path = "LWKBaseExtensions/Classes/UIColor+CrossFade.m"; sourceTree = "<group>"; };
		B926A907E1610657536BBC41352F149B /* LWKBaseExtensions.xcconfig */ = {isa = PBXFileReference; includeInIndex = 1; lastKnownFileType = text.xcconfig; path = LWKBaseExtensions.xcconfig; sourceTree = "<group>"; };
		BA15BE7AE65C8D64A055A7C8CD95DBBE /* NSURL+Extension.h */ = {isa = PBXFileReference; includeInIndex = 1; lastKnownFileType = sourcecode.c.h; name = "NSURL+Extension.h"; path = "LWKBaseExtensions/Classes/NSURL+Extension.h"; sourceTree = "<group>"; };
		BAA0EEE3712A4794EDB5838DFC633428 /* LWKBaseExtensions.modulemap */ = {isa = PBXFileReference; includeInIndex = 1; lastKnownFileType = sourcecode.module; path = LWKBaseExtensions.modulemap; sourceTree = "<group>"; };
		CB941211FA2C8E058F50DA87DA7EDFDA /* UIView+Extensions.h */ = {isa = PBXFileReference; includeInIndex = 1; lastKnownFileType = sourcecode.c.h; name = "UIView+Extensions.h"; path = "LWKBaseExtensions/Classes/UIView+Extensions.h"; sourceTree = "<group>"; };
		CFF0F255EE13D6BBD27D79FA18B01560 /* LWKBaseExtensions-dummy.m */ = {isa = PBXFileReference; includeInIndex = 1; lastKnownFileType = sourcecode.c.objc; path = "LWKBaseExtensions-dummy.m"; sourceTree = "<group>"; };
		D0970608DF66B6730BFE90C3931664CB /* CALayer+Extension.h */ = {isa = PBXFileReference; includeInIndex = 1; lastKnownFileType = sourcecode.c.h; name = "CALayer+Extension.h"; path = "LWKBaseExtensions/Classes/CALayer+Extension.h"; sourceTree = "<group>"; };
		D8ABDDE9E84D3EF61C97DE830C90012F /* LWKBaseExtensions.framework */ = {isa = PBXFileReference; explicitFileType = wrapper.framework; includeInIndex = 0; name = LWKBaseExtensions.framework; path = LWKBaseExtensions.framework; sourceTree = BUILT_PRODUCTS_DIR; };
		E4BB27C36313C031FC5C48B8360570D8 /* NSData+Extension.m */ = {isa = PBXFileReference; includeInIndex = 1; lastKnownFileType = sourcecode.c.objc; name = "NSData+Extension.m"; path = "LWKBaseExtensions/Classes/NSData+Extension.m"; sourceTree = "<group>"; };
		E55181D106F81583B71B208BAB5F8174 /* UIButton+Extension.h */ = {isa = PBXFileReference; includeInIndex = 1; lastKnownFileType = sourcecode.c.h; name = "UIButton+Extension.h"; path = "LWKBaseExtensions/Classes/UIButton+Extension.h"; sourceTree = "<group>"; };
		E9413AD29AC663D2294FCA2C070ABD8C /* Pods-LWKBaseExtensions_Example.release.xcconfig */ = {isa = PBXFileReference; includeInIndex = 1; lastKnownFileType = text.xcconfig; path = "Pods-LWKBaseExtensions_Example.release.xcconfig"; sourceTree = "<group>"; };
		EA1C7EA4BE61C3650ACD73A221F652D2 /* ALAsset+Extension.m */ = {isa = PBXFileReference; includeInIndex = 1; lastKnownFileType = sourcecode.c.objc; name = "ALAsset+Extension.m"; path = "LWKBaseExtensions/Classes/ALAsset+Extension.m"; sourceTree = "<group>"; };
		ED8EA9EC915E4FA75FDA406968CF3B87 /* NSArray+Extension.h */ = {isa = PBXFileReference; includeInIndex = 1; lastKnownFileType = sourcecode.c.h; name = "NSArray+Extension.h"; path = "LWKBaseExtensions/Classes/NSArray+Extension.h"; sourceTree = "<group>"; };
		EF0DA3A2361F8E8BD84334BCEF7A246B /* NSDictionary+KeyPath.h */ = {isa = PBXFileReference; includeInIndex = 1; lastKnownFileType = sourcecode.c.h; name = "NSDictionary+KeyPath.h"; path = "LWKBaseExtensions/Classes/NSDictionary+KeyPath.h"; sourceTree = "<group>"; };
		F8BA314BB1A32DA5FDE5E5136A682DB5 /* LWKBaseExtensions-Info.plist */ = {isa = PBXFileReference; includeInIndex = 1; lastKnownFileType = text.plist.xml; path = "LWKBaseExtensions-Info.plist"; sourceTree = "<group>"; };
		F9B3206BB6861C7AC04EF32BF204466D /* UIResponder+Extension.m */ = {isa = PBXFileReference; includeInIndex = 1; lastKnownFileType = sourcecode.c.objc; name = "UIResponder+Extension.m"; path = "LWKBaseExtensions/Classes/UIResponder+Extension.m"; sourceTree = "<group>"; };
		F9FAE0F706619930428531328C5D1F37 /* UIImage+Extension.m */ = {isa = PBXFileReference; includeInIndex = 1; lastKnownFileType = sourcecode.c.objc; name = "UIImage+Extension.m"; path = "LWKBaseExtensions/Classes/UIImage+Extension.m"; sourceTree = "<group>"; };
/* End PBXFileReference section */

/* Begin PBXFrameworksBuildPhase section */
		22C0457D311EF9B584CADA91752933C8 /* Frameworks */ = {
			isa = PBXFrameworksBuildPhase;
			buildActionMask = 2147483647;
			files = (
				D31A4A99A5D5DB3BC02CE776126D5537 /* Foundation.framework in Frameworks */,
			);
			runOnlyForDeploymentPostprocessing = 0;
		};
		8DFE388B96A9C872B459A968378ACEE5 /* Frameworks */ = {
			isa = PBXFrameworksBuildPhase;
			buildActionMask = 2147483647;
			files = (
				DAA535F202D7890B08CB6A597C7A054D /* Foundation.framework in Frameworks */,
			);
			runOnlyForDeploymentPostprocessing = 0;
		};
/* End PBXFrameworksBuildPhase section */

/* Begin PBXGroup section */
		490389FFE9E6AF397B98EC4F49101150 /* Pods-LWKBaseExtensions_Example */ = {
			isa = PBXGroup;
			children = (
				46EA75EFFE32302532062A1130E71D59 /* Pods-LWKBaseExtensions_Example.modulemap */,
				B851F43BC70B55BAFC59617C1947446D /* Pods-LWKBaseExtensions_Example-acknowledgements.markdown */,
				2F21DB3139A1A06BF7C5D39898FE8711 /* Pods-LWKBaseExtensions_Example-acknowledgements.plist */,
				7D860CA7C971A8B7BEE414191C05576D /* Pods-LWKBaseExtensions_Example-dummy.m */,
				7283AF458C114DDC48B716D245C3C344 /* Pods-LWKBaseExtensions_Example-frameworks.sh */,
				11D2202E0F19DF02B2B7E2F993245411 /* Pods-LWKBaseExtensions_Example-Info.plist */,
				5EC924BFCE831AA806923023BA08A78E /* Pods-LWKBaseExtensions_Example-umbrella.h */,
				161C1918B8BD7707A1F3680CDF00D2EC /* Pods-LWKBaseExtensions_Example.debug.xcconfig */,
				E9413AD29AC663D2294FCA2C070ABD8C /* Pods-LWKBaseExtensions_Example.release.xcconfig */,
			);
			name = "Pods-LWKBaseExtensions_Example";
			path = "Target Support Files/Pods-LWKBaseExtensions_Example";
			sourceTree = "<group>";
		};
		5309AB829817B5BB04F6B2FB45835525 /* Development Pods */ = {
			isa = PBXGroup;
			children = (
				8BFDDBF06D92DC919E38D6B054D0C5ED /* LWKBaseExtensions */,
			);
			name = "Development Pods";
			sourceTree = "<group>";
		};
		8BFDDBF06D92DC919E38D6B054D0C5ED /* LWKBaseExtensions */ = {
			isa = PBXGroup;
			children = (
				B6A4F5DEB5178906344EF580E553E4AB /* ALAsset+Extension.h */,
				EA1C7EA4BE61C3650ACD73A221F652D2 /* ALAsset+Extension.m */,
				D0970608DF66B6730BFE90C3931664CB /* CALayer+Extension.h */,
				3AD2AB5BBCF855907F31D89E1A6E66B4 /* CALayer+Extension.m */,
				ED8EA9EC915E4FA75FDA406968CF3B87 /* NSArray+Extension.h */,
				A56F7EB08E5E3F4975A46999F167B37E /* NSArray+Extension.m */,
				4297714EC100CDCCF00C6159100BE8B9 /* NSData+Extension.h */,
				E4BB27C36313C031FC5C48B8360570D8 /* NSData+Extension.m */,
				EF0DA3A2361F8E8BD84334BCEF7A246B /* NSDictionary+KeyPath.h */,
				8E805B085162D23614A9A55C4CFC2425 /* NSDictionary+KeyPath.m */,
				58528021338410A02CDEBCA2776957CE /* NSObject+Extension.h */,
				50B306A160BC809871DC6A39B6E5D9AD /* NSObject+Extension.m */,
				3B9E143E335F4EFDC9EA9C7C0DA6B26E /* NSString+Extension.h */,
				8BE4E36D849B2149BA2CF96B569D3F88 /* NSString+Extension.m */,
				BA15BE7AE65C8D64A055A7C8CD95DBBE /* NSURL+Extension.h */,
				9B4A2B2C8EC6416CDCE90AB8BBBCAD37 /* NSURL+Extension.m */,
				E55181D106F81583B71B208BAB5F8174 /* UIButton+Extension.h */,
				66737DF23D4B62CB905942533CC0A96C /* UIButton+Extension.m */,
				A1A1791D525AC7449AEAAE010263D4D1 /* UIColor+CrossFade.h */,
				B8DEDCA735718DA671B82702A1834604 /* UIColor+CrossFade.m */,
				4708610BD9421C42E2EDCCD3DF462661 /* UIColor+HexValue.h */,
				1BE781E4D696766FF26F4A8F70775024 /* UIColor+HexValue.m */,
				84E1F74EF0B9D7E94962C1EB9939342B /* UIImage+Extension.h */,
				F9FAE0F706619930428531328C5D1F37 /* UIImage+Extension.m */,
				07A73280CBFD9B0E88C2B19A3F5996EC /* UIPrintPageRenderer+Extentsion.h */,
				953872EBBB32D32C423233A0F5054F79 /* UIPrintPageRenderer+Extentsion.m */,
				32EACEA69786AACBDA50B3E6D38EA062 /* UIResponder+Extension.h */,
				F9B3206BB6861C7AC04EF32BF204466D /* UIResponder+Extension.m */,
				CB941211FA2C8E058F50DA87DA7EDFDA /* UIView+Extensions.h */,
				8997BFC2A3FB3F663C75E397E042319E /* UIView+Extensions.m */,
				BCD5DBEFA985B65B3536A9C4CBAE7ED3 /* Pod */,
				D67BAF17F7DA0BFFC6F9D1B4595B759D /* Support Files */,
			);
			name = LWKBaseExtensions;
			path = ../..;
			sourceTree = "<group>";
		};
		BAFF8165AFC776BB0739E338380E5E15 /* Targets Support Files */ = {
			isa = PBXGroup;
			children = (
				490389FFE9E6AF397B98EC4F49101150 /* Pods-LWKBaseExtensions_Example */,
			);
			name = "Targets Support Files";
			sourceTree = "<group>";
		};
		BC683257EAE60697FCA7B9EFD504241D /* Products */ = {
			isa = PBXGroup;
			children = (
				D8ABDDE9E84D3EF61C97DE830C90012F /* LWKBaseExtensions.framework */,
				4F73E294E17317D927A52880FF1EE839 /* Pods_LWKBaseExtensions_Example.framework */,
			);
			name = Products;
			sourceTree = "<group>";
		};
		BCD5DBEFA985B65B3536A9C4CBAE7ED3 /* Pod */ = {
			isa = PBXGroup;
			children = (
				9AEA13E6E42BEE1AC6DFFC0AF9D60BC9 /* LICENSE */,
				9D6C711478250EFE86499B7D5ACF213B /* LWKBaseExtensions.podspec */,
				85C00A8A4B351C6D92A590E7A9C5E1AA /* README.md */,
			);
			name = Pod;
			sourceTree = "<group>";
		};
		C0834CEBB1379A84116EF29F93051C60 /* iOS */ = {
			isa = PBXGroup;
			children = (
				3212113385A8FBBDB272BD23C409FF61 /* Foundation.framework */,
			);
			name = iOS;
			sourceTree = "<group>";
		};
		CF1408CF629C7361332E53B88F7BD30C = {
			isa = PBXGroup;
			children = (
				9D940727FF8FB9C785EB98E56350EF41 /* Podfile */,
				5309AB829817B5BB04F6B2FB45835525 /* Development Pods */,
				D210D550F4EA176C3123ED886F8F87F5 /* Frameworks */,
				BC683257EAE60697FCA7B9EFD504241D /* Products */,
				BAFF8165AFC776BB0739E338380E5E15 /* Targets Support Files */,
			);
			sourceTree = "<group>";
		};
		D210D550F4EA176C3123ED886F8F87F5 /* Frameworks */ = {
			isa = PBXGroup;
			children = (
				C0834CEBB1379A84116EF29F93051C60 /* iOS */,
			);
			name = Frameworks;
			sourceTree = "<group>";
		};
		D67BAF17F7DA0BFFC6F9D1B4595B759D /* Support Files */ = {
			isa = PBXGroup;
			children = (
				BAA0EEE3712A4794EDB5838DFC633428 /* LWKBaseExtensions.modulemap */,
				B926A907E1610657536BBC41352F149B /* LWKBaseExtensions.xcconfig */,
				CFF0F255EE13D6BBD27D79FA18B01560 /* LWKBaseExtensions-dummy.m */,
				F8BA314BB1A32DA5FDE5E5136A682DB5 /* LWKBaseExtensions-Info.plist */,
				4632FB5F799503A705D8D9A3BC5F4E2F /* LWKBaseExtensions-prefix.pch */,
				4ADC41B8D6462E1A1AE3907AF0271D59 /* LWKBaseExtensions-umbrella.h */,
			);
			name = "Support Files";
			path = "Example/Pods/Target Support Files/LWKBaseExtensions";
			sourceTree = "<group>";
		};
/* End PBXGroup section */

/* Begin PBXHeadersBuildPhase section */
		4EDCDC88F0FE4D692A09BF5922F5B1C8 /* Headers */ = {
			isa = PBXHeadersBuildPhase;
			buildActionMask = 2147483647;
			files = (
				DE507D7680864ECAB82387B260966A17 /* Pods-LWKBaseExtensions_Example-umbrella.h in Headers */,
			);
			runOnlyForDeploymentPostprocessing = 0;
		};
		7B8F1DB202F4AB7E92CB3079B0D95F73 /* Headers */ = {
			isa = PBXHeadersBuildPhase;
			buildActionMask = 2147483647;
			files = (
				EAEE0579AE8BCD4FCF719829EF00FFD9 /* ALAsset+Extension.h in Headers */,
				C807CA094B4E0BED2318BAEDB5454FF4 /* CALayer+Extension.h in Headers */,
				7BFF0886E46F47CE5A403BA9510F283F /* LWKBaseExtensions-umbrella.h in Headers */,
				97C65CC4CA8B6C903876E3F016A5FDD8 /* NSArray+Extension.h in Headers */,
				77B5904B5472626F846CC42EE443EDEE /* NSData+Extension.h in Headers */,
				7ADC495BCDD9E785E16CEB183F303758 /* NSDictionary+KeyPath.h in Headers */,
				2F0526CEEEF2EB292A48E512DF6B453E /* NSObject+Extension.h in Headers */,
				70FEE463199DA0C9F7305B28D2F0BCFB /* NSString+Extension.h in Headers */,
				0BA7D56148C343D73E22A8E2776ED1A1 /* NSURL+Extension.h in Headers */,
				887B97647ACDD2BA7AF4538EF797DF94 /* UIButton+Extension.h in Headers */,
				F2FEA2C52118CEFFBC5A040EFE4CDAF1 /* UIColor+CrossFade.h in Headers */,
				9747383ACA9087936843EAB26257C95A /* UIColor+HexValue.h in Headers */,
				DA7B86CF1E4414A5D94EB5FAEFC80FC2 /* UIImage+Extension.h in Headers */,
				578901F7A102A2D2DCDA409CD135F050 /* UIPrintPageRenderer+Extentsion.h in Headers */,
				784D224CC7539E07113DDD8F7BA57DA8 /* UIResponder+Extension.h in Headers */,
				A1CE64184A971FBD66F14126A4D30FF2 /* UIView+Extensions.h in Headers */,
			);
			runOnlyForDeploymentPostprocessing = 0;
		};
/* End PBXHeadersBuildPhase section */

/* Begin PBXNativeTarget section */
		B65823C87127B6ABD61429BDF26FBF53 /* Pods-LWKBaseExtensions_Example */ = {
			isa = PBXNativeTarget;
			buildConfigurationList = A053B12C8E6EA078311B3AFFF656AE9F /* Build configuration list for PBXNativeTarget "Pods-LWKBaseExtensions_Example" */;
			buildPhases = (
				4EDCDC88F0FE4D692A09BF5922F5B1C8 /* Headers */,
				19FC52922C03EAFED492976E8AF7C72A /* Sources */,
				8DFE388B96A9C872B459A968378ACEE5 /* Frameworks */,
				0BC6C3941036212E3B6D1B00F2B81CB0 /* Resources */,
			);
			buildRules = (
			);
			dependencies = (
				3E3728B54D5A96BA211039CFD0F4A491 /* PBXTargetDependency */,
			);
			name = "Pods-LWKBaseExtensions_Example";
			productName = "Pods-LWKBaseExtensions_Example";
			productReference = 4F73E294E17317D927A52880FF1EE839 /* Pods_LWKBaseExtensions_Example.framework */;
			productType = "com.apple.product-type.framework";
		};
		DA49D72738D98F49BC512C6ED7C1264F /* LWKBaseExtensions */ = {
			isa = PBXNativeTarget;
			buildConfigurationList = A809A9A2C187E0692B0C2448CEDCAEDC /* Build configuration list for PBXNativeTarget "LWKBaseExtensions" */;
			buildPhases = (
				7B8F1DB202F4AB7E92CB3079B0D95F73 /* Headers */,
				E001D20EDB51D1AA9D35779163F3D910 /* Sources */,
				22C0457D311EF9B584CADA91752933C8 /* Frameworks */,
				803B74E9DE6C4C6D15110FA39390E614 /* Resources */,
			);
			buildRules = (
			);
			dependencies = (
			);
			name = LWKBaseExtensions;
			productName = LWKBaseExtensions;
			productReference = D8ABDDE9E84D3EF61C97DE830C90012F /* LWKBaseExtensions.framework */;
			productType = "com.apple.product-type.framework";
		};
/* End PBXNativeTarget section */

/* Begin PBXProject section */
		BFDFE7DC352907FC980B868725387E98 /* Project object */ = {
			isa = PBXProject;
			attributes = {
				LastSwiftUpdateCheck = 1100;
				LastUpgradeCheck = 1100;
			};
			buildConfigurationList = 4821239608C13582E20E6DA73FD5F1F9 /* Build configuration list for PBXProject "Pods" */;
			compatibilityVersion = "Xcode 3.2";
			developmentRegion = en;
			hasScannedForEncodings = 0;
			knownRegions = (
				en,
			);
			mainGroup = CF1408CF629C7361332E53B88F7BD30C;
			productRefGroup = BC683257EAE60697FCA7B9EFD504241D /* Products */;
			projectDirPath = "";
			projectRoot = "";
			targets = (
				DA49D72738D98F49BC512C6ED7C1264F /* LWKBaseExtensions */,
				B65823C87127B6ABD61429BDF26FBF53 /* Pods-LWKBaseExtensions_Example */,
			);
		};
/* End PBXProject section */

/* Begin PBXResourcesBuildPhase section */
		0BC6C3941036212E3B6D1B00F2B81CB0 /* Resources */ = {
			isa = PBXResourcesBuildPhase;
			buildActionMask = 2147483647;
			files = (
			);
			runOnlyForDeploymentPostprocessing = 0;
		};
		803B74E9DE6C4C6D15110FA39390E614 /* Resources */ = {
			isa = PBXResourcesBuildPhase;
			buildActionMask = 2147483647;
			files = (
			);
			runOnlyForDeploymentPostprocessing = 0;
		};
/* End PBXResourcesBuildPhase section */

/* Begin PBXSourcesBuildPhase section */
		19FC52922C03EAFED492976E8AF7C72A /* Sources */ = {
			isa = PBXSourcesBuildPhase;
			buildActionMask = 2147483647;
			files = (
				8D66415E5D0732498721404EEDF835EB /* Pods-LWKBaseExtensions_Example-dummy.m in Sources */,
			);
			runOnlyForDeploymentPostprocessing = 0;
		};
		E001D20EDB51D1AA9D35779163F3D910 /* Sources */ = {
			isa = PBXSourcesBuildPhase;
			buildActionMask = 2147483647;
			files = (
				7FB94CF42259096A902B11A4019D5623 /* ALAsset+Extension.m in Sources */,
				FE5FE0B3472CAAE6A7577041138BB59A /* CALayer+Extension.m in Sources */,
				35B78164984372F8A6597064E16E91EF /* LWKBaseExtensions-dummy.m in Sources */,
				05193EC7968C0CED08835322C4CA6938 /* NSArray+Extension.m in Sources */,
				EE0D5B7E432127363DF67712226AA738 /* NSData+Extension.m in Sources */,
				3A9A67FEA12BED5DD8F72FB4F457E766 /* NSDictionary+KeyPath.m in Sources */,
				0D176E8052563E74B746C9A51B25666E /* NSObject+Extension.m in Sources */,
				0119116F6C2E21A40C0849783DE9EE77 /* NSString+Extension.m in Sources */,
				DBC5D677B432969A9F0E1DE2F57DE22C /* NSURL+Extension.m in Sources */,
				D1CFCCD8F1908ECA0C9D9CA4BF62B3E3 /* UIButton+Extension.m in Sources */,
				BBA9ABE15FE5CA6DABF263882C8EA12A /* UIColor+CrossFade.m in Sources */,
				011D1D6439265A2184963317F7249B88 /* UIColor+HexValue.m in Sources */,
				AFFDC2A78F19C865B26D2351376C78AA /* UIImage+Extension.m in Sources */,
				F8C76E1A285156CADBF92010736CBAA6 /* UIPrintPageRenderer+Extentsion.m in Sources */,
				3B8962316F5E754B5628CE1D718103FE /* UIResponder+Extension.m in Sources */,
				029E6433A34587D3A52D2BD4BA29A2CF /* UIView+Extensions.m in Sources */,
			);
			runOnlyForDeploymentPostprocessing = 0;
		};
/* End PBXSourcesBuildPhase section */

/* Begin PBXTargetDependency section */
		3E3728B54D5A96BA211039CFD0F4A491 /* PBXTargetDependency */ = {
			isa = PBXTargetDependency;
			name = LWKBaseExtensions;
			target = DA49D72738D98F49BC512C6ED7C1264F /* LWKBaseExtensions */;
			targetProxy = 78FF05F53E6ECF1457D77E0C4C8C56A2 /* PBXContainerItemProxy */;
		};
/* End PBXTargetDependency section */

/* Begin XCBuildConfiguration section */
		4BE66A09A74FD25164AAB3C2645B9B93 /* Release */ = {
			isa = XCBuildConfiguration;
			buildSettings = {
				ALWAYS_SEARCH_USER_PATHS = NO;
				CLANG_ANALYZER_NONNULL = YES;
				CLANG_ANALYZER_NUMBER_OBJECT_CONVERSION = YES_AGGRESSIVE;
				CLANG_CXX_LANGUAGE_STANDARD = "gnu++14";
				CLANG_CXX_LIBRARY = "libc++";
				CLANG_ENABLE_MODULES = YES;
				CLANG_ENABLE_OBJC_ARC = YES;
				CLANG_ENABLE_OBJC_WEAK = YES;
				CLANG_WARN_BLOCK_CAPTURE_AUTORELEASING = YES;
				CLANG_WARN_BOOL_CONVERSION = YES;
				CLANG_WARN_COMMA = YES;
				CLANG_WARN_CONSTANT_CONVERSION = YES;
				CLANG_WARN_DEPRECATED_OBJC_IMPLEMENTATIONS = YES;
				CLANG_WARN_DIRECT_OBJC_ISA_USAGE = YES_ERROR;
				CLANG_WARN_DOCUMENTATION_COMMENTS = YES;
				CLANG_WARN_EMPTY_BODY = YES;
				CLANG_WARN_ENUM_CONVERSION = YES;
				CLANG_WARN_INFINITE_RECURSION = YES;
				CLANG_WARN_INT_CONVERSION = YES;
				CLANG_WARN_NON_LITERAL_NULL_CONVERSION = YES;
				CLANG_WARN_OBJC_IMPLICIT_RETAIN_SELF = YES;
				CLANG_WARN_OBJC_LITERAL_CONVERSION = YES;
				CLANG_WARN_OBJC_ROOT_CLASS = YES_ERROR;
				CLANG_WARN_RANGE_LOOP_ANALYSIS = YES;
				CLANG_WARN_STRICT_PROTOTYPES = YES;
				CLANG_WARN_SUSPICIOUS_MOVE = YES;
				CLANG_WARN_UNGUARDED_AVAILABILITY = YES_AGGRESSIVE;
				CLANG_WARN_UNREACHABLE_CODE = YES;
				CLANG_WARN__DUPLICATE_METHOD_MATCH = YES;
				COPY_PHASE_STRIP = NO;
				DEBUG_INFORMATION_FORMAT = "dwarf-with-dsym";
				ENABLE_NS_ASSERTIONS = NO;
				ENABLE_STRICT_OBJC_MSGSEND = YES;
				GCC_C_LANGUAGE_STANDARD = gnu11;
				GCC_NO_COMMON_BLOCKS = YES;
				GCC_PREPROCESSOR_DEFINITIONS = (
					"POD_CONFIGURATION_RELEASE=1",
					"$(inherited)",
				);
				GCC_WARN_64_TO_32_BIT_CONVERSION = YES;
				GCC_WARN_ABOUT_RETURN_TYPE = YES_ERROR;
				GCC_WARN_UNDECLARED_SELECTOR = YES;
				GCC_WARN_UNINITIALIZED_AUTOS = YES_AGGRESSIVE;
				GCC_WARN_UNUSED_FUNCTION = YES;
				GCC_WARN_UNUSED_VARIABLE = YES;
				IPHONEOS_DEPLOYMENT_TARGET = 8.0;
				MTL_ENABLE_DEBUG_INFO = NO;
				MTL_FAST_MATH = YES;
				PRODUCT_NAME = "$(TARGET_NAME)";
				STRIP_INSTALLED_PRODUCT = NO;
				SWIFT_COMPILATION_MODE = wholemodule;
				SWIFT_OPTIMIZATION_LEVEL = "-O";
				SWIFT_VERSION = 5.0;
				SYMROOT = "${SRCROOT}/../build";
			};
			name = Release;
		};
		7EF7227D9B20A1D549000096ACCB23D7 /* Debug */ = {
			isa = XCBuildConfiguration;
			buildSettings = {
				ALWAYS_SEARCH_USER_PATHS = NO;
				CLANG_ANALYZER_NONNULL = YES;
				CLANG_ANALYZER_NUMBER_OBJECT_CONVERSION = YES_AGGRESSIVE;
				CLANG_CXX_LANGUAGE_STANDARD = "gnu++14";
				CLANG_CXX_LIBRARY = "libc++";
				CLANG_ENABLE_MODULES = YES;
				CLANG_ENABLE_OBJC_ARC = YES;
				CLANG_ENABLE_OBJC_WEAK = YES;
				CLANG_WARN_BLOCK_CAPTURE_AUTORELEASING = YES;
				CLANG_WARN_BOOL_CONVERSION = YES;
				CLANG_WARN_COMMA = YES;
				CLANG_WARN_CONSTANT_CONVERSION = YES;
				CLANG_WARN_DEPRECATED_OBJC_IMPLEMENTATIONS = YES;
				CLANG_WARN_DIRECT_OBJC_ISA_USAGE = YES_ERROR;
				CLANG_WARN_DOCUMENTATION_COMMENTS = YES;
				CLANG_WARN_EMPTY_BODY = YES;
				CLANG_WARN_ENUM_CONVERSION = YES;
				CLANG_WARN_INFINITE_RECURSION = YES;
				CLANG_WARN_INT_CONVERSION = YES;
				CLANG_WARN_NON_LITERAL_NULL_CONVERSION = YES;
				CLANG_WARN_OBJC_IMPLICIT_RETAIN_SELF = YES;
				CLANG_WARN_OBJC_LITERAL_CONVERSION = YES;
				CLANG_WARN_OBJC_ROOT_CLASS = YES_ERROR;
				CLANG_WARN_RANGE_LOOP_ANALYSIS = YES;
				CLANG_WARN_STRICT_PROTOTYPES = YES;
				CLANG_WARN_SUSPICIOUS_MOVE = YES;
				CLANG_WARN_UNGUARDED_AVAILABILITY = YES_AGGRESSIVE;
				CLANG_WARN_UNREACHABLE_CODE = YES;
				CLANG_WARN__DUPLICATE_METHOD_MATCH = YES;
				COPY_PHASE_STRIP = NO;
				DEBUG_INFORMATION_FORMAT = dwarf;
				ENABLE_STRICT_OBJC_MSGSEND = YES;
				ENABLE_TESTABILITY = YES;
				GCC_C_LANGUAGE_STANDARD = gnu11;
				GCC_DYNAMIC_NO_PIC = NO;
				GCC_NO_COMMON_BLOCKS = YES;
				GCC_OPTIMIZATION_LEVEL = 0;
				GCC_PREPROCESSOR_DEFINITIONS = (
					"POD_CONFIGURATION_DEBUG=1",
					"DEBUG=1",
					"$(inherited)",
				);
				GCC_WARN_64_TO_32_BIT_CONVERSION = YES;
				GCC_WARN_ABOUT_RETURN_TYPE = YES_ERROR;
				GCC_WARN_UNDECLARED_SELECTOR = YES;
				GCC_WARN_UNINITIALIZED_AUTOS = YES_AGGRESSIVE;
				GCC_WARN_UNUSED_FUNCTION = YES;
				GCC_WARN_UNUSED_VARIABLE = YES;
				IPHONEOS_DEPLOYMENT_TARGET = 8.0;
				MTL_ENABLE_DEBUG_INFO = INCLUDE_SOURCE;
				MTL_FAST_MATH = YES;
				ONLY_ACTIVE_ARCH = YES;
				PRODUCT_NAME = "$(TARGET_NAME)";
				STRIP_INSTALLED_PRODUCT = NO;
				SWIFT_ACTIVE_COMPILATION_CONDITIONS = DEBUG;
				SWIFT_OPTIMIZATION_LEVEL = "-Onone";
				SWIFT_VERSION = 5.0;
				SYMROOT = "${SRCROOT}/../build";
			};
			name = Debug;
		};
		917F4BBE39E0B05BF4A55D9A8320A1B3 /* Release */ = {
			isa = XCBuildConfiguration;
			baseConfigurationReference = B926A907E1610657536BBC41352F149B /* LWKBaseExtensions.xcconfig */;
			buildSettings = {
				CODE_SIGN_IDENTITY = "";
				"CODE_SIGN_IDENTITY[sdk=appletvos*]" = "";
				"CODE_SIGN_IDENTITY[sdk=iphoneos*]" = "";
				"CODE_SIGN_IDENTITY[sdk=watchos*]" = "";
				CURRENT_PROJECT_VERSION = 1;
				DEFINES_MODULE = YES;
				DYLIB_COMPATIBILITY_VERSION = 1;
				DYLIB_CURRENT_VERSION = 1;
				DYLIB_INSTALL_NAME_BASE = "@rpath";
				GCC_PREFIX_HEADER = "Target Support Files/LWKBaseExtensions/LWKBaseExtensions-prefix.pch";
				INFOPLIST_FILE = "Target Support Files/LWKBaseExtensions/LWKBaseExtensions-Info.plist";
				INSTALL_PATH = "$(LOCAL_LIBRARY_DIR)/Frameworks";
				IPHONEOS_DEPLOYMENT_TARGET = 8.0;
				LD_RUNPATH_SEARCH_PATHS = "$(inherited) @executable_path/Frameworks @loader_path/Frameworks";
				MODULEMAP_FILE = "Target Support Files/LWKBaseExtensions/LWKBaseExtensions.modulemap";
				PRODUCT_MODULE_NAME = LWKBaseExtensions;
				PRODUCT_NAME = LWKBaseExtensions;
				SDKROOT = iphoneos;
				SKIP_INSTALL = YES;
				SWIFT_ACTIVE_COMPILATION_CONDITIONS = "$(inherited) ";
				SWIFT_VERSION = 4.0;
				TARGETED_DEVICE_FAMILY = "1,2";
				VALIDATE_PRODUCT = YES;
				VERSIONING_SYSTEM = "apple-generic";
				VERSION_INFO_PREFIX = "";
			};
			name = Release;
		};
		D22C8ED9EE049E2B03D10881210BCEC8 /* Debug */ = {
			isa = XCBuildConfiguration;
			baseConfigurationReference = B926A907E1610657536BBC41352F149B /* LWKBaseExtensions.xcconfig */;
			buildSettings = {
				CODE_SIGN_IDENTITY = "";
				"CODE_SIGN_IDENTITY[sdk=appletvos*]" = "";
				"CODE_SIGN_IDENTITY[sdk=iphoneos*]" = "";
				"CODE_SIGN_IDENTITY[sdk=watchos*]" = "";
				CURRENT_PROJECT_VERSION = 1;
				DEFINES_MODULE = YES;
				DYLIB_COMPATIBILITY_VERSION = 1;
				DYLIB_CURRENT_VERSION = 1;
				DYLIB_INSTALL_NAME_BASE = "@rpath";
				GCC_PREFIX_HEADER = "Target Support Files/LWKBaseExtensions/LWKBaseExtensions-prefix.pch";
				INFOPLIST_FILE = "Target Support Files/LWKBaseExtensions/LWKBaseExtensions-Info.plist";
				INSTALL_PATH = "$(LOCAL_LIBRARY_DIR)/Frameworks";
				IPHONEOS_DEPLOYMENT_TARGET = 8.0;
				LD_RUNPATH_SEARCH_PATHS = "$(inherited) @executable_path/Frameworks @loader_path/Frameworks";
				MODULEMAP_FILE = "Target Support Files/LWKBaseExtensions/LWKBaseExtensions.modulemap";
				PRODUCT_MODULE_NAME = LWKBaseExtensions;
				PRODUCT_NAME = LWKBaseExtensions;
				SDKROOT = iphoneos;
				SKIP_INSTALL = YES;
				SWIFT_ACTIVE_COMPILATION_CONDITIONS = "$(inherited) ";
				SWIFT_VERSION = 4.0;
				TARGETED_DEVICE_FAMILY = "1,2";
				VERSIONING_SYSTEM = "apple-generic";
				VERSION_INFO_PREFIX = "";
			};
			name = Debug;
		};
		DCA3C3530CCC387055D4A6BE4A220EAF /* Debug */ = {
			isa = XCBuildConfiguration;
			baseConfigurationReference = 161C1918B8BD7707A1F3680CDF00D2EC /* Pods-LWKBaseExtensions_Example.debug.xcconfig */;
			buildSettings = {
				ALWAYS_EMBED_SWIFT_STANDARD_LIBRARIES = NO;
				CODE_SIGN_IDENTITY = "";
				"CODE_SIGN_IDENTITY[sdk=appletvos*]" = "";
				"CODE_SIGN_IDENTITY[sdk=iphoneos*]" = "";
				"CODE_SIGN_IDENTITY[sdk=watchos*]" = "";
				CURRENT_PROJECT_VERSION = 1;
				DEFINES_MODULE = YES;
				DYLIB_COMPATIBILITY_VERSION = 1;
				DYLIB_CURRENT_VERSION = 1;
				DYLIB_INSTALL_NAME_BASE = "@rpath";
				INFOPLIST_FILE = "Target Support Files/Pods-LWKBaseExtensions_Example/Pods-LWKBaseExtensions_Example-Info.plist";
				INSTALL_PATH = "$(LOCAL_LIBRARY_DIR)/Frameworks";
				IPHONEOS_DEPLOYMENT_TARGET = 8.0;
				LD_RUNPATH_SEARCH_PATHS = "$(inherited) @executable_path/Frameworks @loader_path/Frameworks";
				MACH_O_TYPE = staticlib;
				MODULEMAP_FILE = "Target Support Files/Pods-LWKBaseExtensions_Example/Pods-LWKBaseExtensions_Example.modulemap";
				OTHER_LDFLAGS = "";
				OTHER_LIBTOOLFLAGS = "";
				PODS_ROOT = "$(SRCROOT)";
				PRODUCT_BUNDLE_IDENTIFIER = "org.cocoapods.${PRODUCT_NAME:rfc1034identifier}";
				PRODUCT_NAME = "$(TARGET_NAME:c99extidentifier)";
				SDKROOT = iphoneos;
				SKIP_INSTALL = YES;
				TARGETED_DEVICE_FAMILY = "1,2";
				VERSIONING_SYSTEM = "apple-generic";
				VERSION_INFO_PREFIX = "";
			};
			name = Debug;
		};
		F51D13CC5F13A6335C21C910830AAFA7 /* Release */ = {
			isa = XCBuildConfiguration;
			baseConfigurationReference = E9413AD29AC663D2294FCA2C070ABD8C /* Pods-LWKBaseExtensions_Example.release.xcconfig */;
			buildSettings = {
				ALWAYS_EMBED_SWIFT_STANDARD_LIBRARIES = NO;
				CODE_SIGN_IDENTITY = "";
				"CODE_SIGN_IDENTITY[sdk=appletvos*]" = "";
				"CODE_SIGN_IDENTITY[sdk=iphoneos*]" = "";
				"CODE_SIGN_IDENTITY[sdk=watchos*]" = "";
				CURRENT_PROJECT_VERSION = 1;
				DEFINES_MODULE = YES;
				DYLIB_COMPATIBILITY_VERSION = 1;
				DYLIB_CURRENT_VERSION = 1;
				DYLIB_INSTALL_NAME_BASE = "@rpath";
				INFOPLIST_FILE = "Target Support Files/Pods-LWKBaseExtensions_Example/Pods-LWKBaseExtensions_Example-Info.plist";
				INSTALL_PATH = "$(LOCAL_LIBRARY_DIR)/Frameworks";
				IPHONEOS_DEPLOYMENT_TARGET = 8.0;
				LD_RUNPATH_SEARCH_PATHS = "$(inherited) @executable_path/Frameworks @loader_path/Frameworks";
				MACH_O_TYPE = staticlib;
				MODULEMAP_FILE = "Target Support Files/Pods-LWKBaseExtensions_Example/Pods-LWKBaseExtensions_Example.modulemap";
				OTHER_LDFLAGS = "";
				OTHER_LIBTOOLFLAGS = "";
				PODS_ROOT = "$(SRCROOT)";
				PRODUCT_BUNDLE_IDENTIFIER = "org.cocoapods.${PRODUCT_NAME:rfc1034identifier}";
				PRODUCT_NAME = "$(TARGET_NAME:c99extidentifier)";
				SDKROOT = iphoneos;
				SKIP_INSTALL = YES;
				TARGETED_DEVICE_FAMILY = "1,2";
				VALIDATE_PRODUCT = YES;
				VERSIONING_SYSTEM = "apple-generic";
				VERSION_INFO_PREFIX = "";
			};
			name = Release;
		};
/* End XCBuildConfiguration section */

/* Begin XCConfigurationList section */
		4821239608C13582E20E6DA73FD5F1F9 /* Build configuration list for PBXProject "Pods" */ = {
			isa = XCConfigurationList;
			buildConfigurations = (
				7EF7227D9B20A1D549000096ACCB23D7 /* Debug */,
				4BE66A09A74FD25164AAB3C2645B9B93 /* Release */,
			);
			defaultConfigurationIsVisible = 0;
			defaultConfigurationName = Release;
		};
		A053B12C8E6EA078311B3AFFF656AE9F /* Build configuration list for PBXNativeTarget "Pods-LWKBaseExtensions_Example" */ = {
			isa = XCConfigurationList;
			buildConfigurations = (
				DCA3C3530CCC387055D4A6BE4A220EAF /* Debug */,
				F51D13CC5F13A6335C21C910830AAFA7 /* Release */,
			);
			defaultConfigurationIsVisible = 0;
			defaultConfigurationName = Release;
		};
		A809A9A2C187E0692B0C2448CEDCAEDC /* Build configuration list for PBXNativeTarget "LWKBaseExtensions" */ = {
			isa = XCConfigurationList;
			buildConfigurations = (
				D22C8ED9EE049E2B03D10881210BCEC8 /* Debug */,
				917F4BBE39E0B05BF4A55D9A8320A1B3 /* Release */,
			);
			defaultConfigurationIsVisible = 0;
			defaultConfigurationName = Release;
		};
/* End XCConfigurationList section */
	};
	rootObject = BFDFE7DC352907FC980B868725387E98 /* Project object */;
}
